
Microsoft Visual Studio Solution File, Format Version 12.00
# Visual Studio Version 17
VisualStudioVersion = 17.12.35527.113 d17.12
MinimumVisualStudioVersion = 10.0.40219.1
Project("{FAE04EC0-301F-11D3-BF4B-00C04F79EFBC}") = "ControllerActionMethods", "ControllerActionMethods.csproj", "{E3A6E674-C7C8-4DAC-86F9-D6A4305079FC}"
EndProject
Global
	GlobalSection(SolutionConfigurationPlatforms) = preSolution
		Debug|Any CPU = Debug|Any CPU
		Release|Any CPU = Release|Any CPU
	EndGlobalSection
	GlobalSection(ProjectConfigurationPlatforms) = postSolution
		{E3A6E674-C7C8-4DAC-86F9-D6A4305079FC}.Debug|Any CPU.ActiveCfg = Debug|Any CPU
		{E3A6E674-C7C8-4DAC-86F9-D6A4305079FC}.Debug|Any CPU.Build.0 = Debug|Any CPU
		{E3A6E674-C7C8-4DAC-86F9-D6A4305079FC}.Release|Any CPU.ActiveCfg = Release|Any CPU
		{E3A6E674-C7C8-4DAC-86F9-D6A4305079FC}.Release|Any CPU.Build.0 = Release|Any CPU
	EndGlobalSection
	GlobalSection(SolutionProperties) = preSolution
		HideSolutionNode = FALSE
	EndGlobalSection
EndGlobal
